
Microsoft Visual Studio Solution File, Format Version 12.00
# Visual Studio Version 16
VisualStudioVersion = 16.0.30320.27
MinimumVisualStudioVersion = 10.0.40219.1
Project("{9A19103F-16F7-4668-BE54-9A1E7A4F7556}") = "DeliveryDates.Api", "src\DeliveryDates.Api\DeliveryDates.Api.csproj", "{CFDEF445-0065-4F69-ACA4-DC73ADF57E4E}"
EndProject
Project("{FAE04EC0-301F-11D3-BF4B-00C04F79EFBC}") = "DeliveryDates.Api.UnitTests", "test\DeliveryDates.Api.UnitTests\DeliveryDates.Api.UnitTests.csproj", "{6FFAAAE4-9407-44D5-B9F3-6D44B4DF5580}"
EndProject
Global
	GlobalSection(SolutionConfigurationPlatforms) = preSolution
		Debug|Any CPU = Debug|Any CPU
		Release|Any CPU = Release|Any CPU
	EndGlobalSection
	GlobalSection(ProjectConfigurationPlatforms) = postSolution
		{CFDEF445-0065-4F69-ACA4-DC73ADF57E4E}.Debug|Any CPU.ActiveCfg = Debug|Any CPU
		{CFDEF445-0065-4F69-ACA4-DC73ADF57E4E}.Debug|Any CPU.Build.0 = Debug|Any CPU
		{CFDEF445-0065-4F69-ACA4-DC73ADF57E4E}.Release|Any CPU.ActiveCfg = Release|Any CPU
		{CFDEF445-0065-4F69-ACA4-DC73ADF57E4E}.Release|Any CPU.Build.0 = Release|Any CPU
		{6FFAAAE4-9407-44D5-B9F3-6D44B4DF5580}.Debug|Any CPU.ActiveCfg = Debug|Any CPU
		{6FFAAAE4-9407-44D5-B9F3-6D44B4DF5580}.Debug|Any CPU.Build.0 = Debug|Any CPU
		{6FFAAAE4-9407-44D5-B9F3-6D44B4DF5580}.Release|Any CPU.ActiveCfg = Release|Any CPU
		{6FFAAAE4-9407-44D5-B9F3-6D44B4DF5580}.Release|Any CPU.Build.0 = Release|Any CPU
	EndGlobalSection
	GlobalSection(SolutionProperties) = preSolution
		HideSolutionNode = FALSE
	EndGlobalSection
	GlobalSection(ExtensibilityGlobals) = postSolution
		SolutionGuid = {ACC994CF-1542-48FD-AD89-963BAC5DAD22}
	EndGlobalSection
EndGlobal
